// !$*UTF8*$!
{
	archiveVersion = 1;
	classes = {
	};
	objectVersion = 77;
	objects = {

/* Begin PBXBuildFile section */
		DF90F7C00C1D7BA5DFBF1183 /* Pods_CardlyDemo.framework in Frameworks */ = {isa = PBXBuildFile; fileRef = A7DAF3B17DD0D89781FF35E5 /* Pods_CardlyDemo.framework */; };
/* End PBXBuildFile section */

/* Begin PBXContainerItemProxy section */
		70E7E8362F9220FA004607AF /* PBXContainerItemProxy */ = {
			isa = PBXContainerItemProxy;
			containerPortal = 70E7E8172F9220F7004607AF /* Project object */;
			proxyType = 1;
			remoteGlobalIDString = 70E7E81E2F9220F8004607AF;
			remoteInfo = CardlyDemo;
		};
		70E7E8402F9220FA004607AF /* PBXContainerItemProxy */ = {
			isa = PBXContainerItemProxy;
			containerPortal = 70E7E8172F9220F7004607AF /* Project object */;
			proxyType = 1;
			remoteGlobalIDString = 70E7E81E2F9220F8004607AF;
			remoteInfo = CardlyDemo;
		};
/* End PBXContainerItemProxy section */

/* Begin PBXFileReference section */
		1A7045ACD7AFC1D0F91CA226 /* Pods-CardlyDemo.release.xcconfig */ = {isa = PBXFileReference; includeInIndex = 1; lastKnownFileType = text.xcconfig; name = "Pods-CardlyDemo.release.xcconfig"; path = "Target Support Files/Pods-CardlyDemo/Pods-CardlyDemo.release.xcconfig"; sourceTree = "<group>"; };
		70E7E81F2F9220F8004607AF /* CardlyDemo.app */ = {isa = PBXFileReference; explicitFileType = wrapper.application; includeInIndex = 0; path = CardlyDemo.app; sourceTree = BUILT_PRODUCTS_DIR; };
		70E7E8352F9220FA004607AF /* CardlyDemoTests.xctest */ = {isa = PBXFileReference; explicitFileType = wrapper.cfbundle; includeInIndex = 0; path = CardlyDemoTests.xctest; sourceTree = BUILT_PRODUCTS_DIR; };
		70E7E83F2F9220FA004607AF /* CardlyDemoUITests.xctest */ = {isa = PBXFileReference; explicitFileType = wrapper.cfbundle; includeInIndex = 0; path = CardlyDemoUITests.xctest; sourceTree = BUILT_PRODUCTS_DIR; };
		A7DAF3B17DD0D89781FF35E5 /* Pods_CardlyDemo.framework */ = {isa = PBXFileReference; explicitFileType = wrapper.framework; includeInIndex = 0; path = Pods_CardlyDemo.framework; sourceTree = BUILT_PRODUCTS_DIR; };
		E43152A1933828AB3C3C2777 /* Pods-CardlyDemo.debug.xcconfig */ = {isa = PBXFileReference; includeInIndex = 1; lastKnownFileType = text.xcconfig; name = "Pods-CardlyDemo.debug.xcconfig"; path = "Target Support Files/Pods-CardlyDemo/Pods-CardlyDemo.debug.xcconfig"; sourceTree = "<group>"; };
/* End PBXFileReference section */

/* Begin PBXFileSystemSynchronizedRootGroup section */
		70E7E8212F9220F8004607AF /* CardlyDemo */ = {
			isa = PBXFileSystemSynchronizedRootGroup;
			path = CardlyDemo;
			sourceTree = "<group>";
		};
		70E7E8382F9220FA004607AF /* CardlyDemoTests */ = {
			isa = PBXFileSystemSynchronizedRootGroup;
			path = CardlyDemoTests;
			sourceTree = "<group>";
		};
		70E7E8422F9220FA004607AF /* CardlyDemoUITests */ = {
			isa = PBXFileSystemSynchronizedRootGroup;
			path = CardlyDemoUITests;
			sourceTree = "<group>";
		};
/* End PBXFileSystemSynchronizedRootGroup section */

/* Begin PBXFrameworksBuildPhase section */
		70E7E81C2F9220F8004607AF /* Frameworks */ = {
			isa = PBXFrameworksBuildPhase;
			buildActionMask = 2147483647;
			files = (
				DF90F7C00C1D7BA5DFBF1183 /* Pods_CardlyDemo.framework in Frameworks */,
			);
			runOnlyForDeploymentPostprocessing = 0;
		};
		70E7E8322F9220FA004607AF /* Frameworks */ = {
			isa = PBXFrameworksBuildPhase;
			buildActionMask = 2147483647;
			files = (
			);
			runOnlyForDeploymentPostprocessing = 0;
		};
		70E7E83C2F9220FA004607AF /* Frameworks */ = {
			isa = PBXFrameworksBuildPhase;
			buildActionMask = 2147483647;
			files = (
			);
			runOnlyForDeploymentPostprocessing = 0;
		};
/* End PBXFrameworksBuildPhase section */

/* Begin PBXGroup section */
		4B16076B37F0B3F9B3A611ED /* Pods */ = {
			isa = PBXGroup;
			children = (
				E43152A1933828AB3C3C2777 /* Pods-CardlyDemo.debug.xcconfig */,
				1A7045ACD7AFC1D0F91CA226 /* Pods-CardlyDemo.release.xcconfig */,
			);
			path = Pods;
			sourceTree = "<group>";
		};
		70E7E8162F9220F7004607AF = {
			isa = PBXGroup;
			children = (
				70E7E8212F9220F8004607AF /* CardlyDemo */,
				70E7E8382F9220FA004607AF /* CardlyDemoTests */,
				70E7E8422F9220FA004607AF /* CardlyDemoUITests */,
				70E7E8202F9220F8004607AF /* Products */,
				4B16076B37F0B3F9B3A611ED /* Pods */,
				9AED6559F11631D988C02C34 /* Frameworks */,
			);
			sourceTree = "<group>";
		};
		70E7E8202F9220F8004607AF /* Products */ = {
			isa = PBXGroup;
			children = (
				70E7E81F2F9220F8004607AF /* CardlyDemo.app */,
				70E7E8352F9220FA004607AF /* CardlyDemoTests.xctest */,
				70E7E83F2F9220FA004607AF /* CardlyDemoUITests.xctest */,
			);
			name = Products;
			sourceTree = "<group>";
		};
		9AED6559F11631D988C02C34 /* Frameworks */ = {
			isa = PBXGroup;
			children = (
				A7DAF3B17DD0D89781FF35E5 /* Pods_CardlyDemo.framework */,
			);
			name = Frameworks;
			sourceTree = "<group>";
		};
/* End PBXGroup section */

/* Begin PBXNativeTarget section */
		70E7E81E2F9220F8004607AF /* CardlyDemo */ = {
			isa = PBXNativeTarget;
			buildConfigurationList = 70E7E8482F9220FA004607AF /* Build configuration list for PBXNativeTarget "CardlyDemo" */;
			buildPhases = (
				EB4179C009F22F44B5AE2CB9 /* [CP] Check Pods Manifest.lock */,
				70E7E81B2F9220F8004607AF /* Sources */,
				70E7E81C2F9220F8004607AF /* Frameworks */,
				70E7E81D2F9220F8004607AF /* Resources */,
				355D3F2DA42A85FF5D69ADD4 /* [CP] Embed Pods Frameworks */,
			);
			buildRules = (
			);
			dependencies = (
			);
			fileSystemSynchronizedGroups = (
				70E7E8212F9220F8004607AF /* CardlyDemo */,
			);
			name = CardlyDemo;
			productName = CardlyDemo;
			productReference = 70E7E81F2F9220F8004607AF /* CardlyDemo.app */;
			productType = "com.apple.product-type.application";
		};
		70E7E8342F9220FA004607AF /* CardlyDemoTests */ = {
			isa = PBXNativeTarget;
			buildConfigurationList = 70E7E84D2F9220FA004607AF /* Build configuration list for PBXNativeTarget "CardlyDemoTests" */;
			buildPhases = (
				70E7E8312F9220FA004607AF /* Sources */,
				70E7E8322F9220FA004607AF /* Frameworks */,
				70E7E8332F9220FA004607AF /* Resources */,
			);
			buildRules = (
			);
			dependencies = (
				70E7E8372F9220FA004607AF /* PBXTargetDependency */,
			);
			fileSystemSynchronizedGroups = (
				70E7E8382F9220FA004607AF /* CardlyDemoTests */,
			);
			name = CardlyDemoTests;
			productName = CardlyDemoTests;
			productReference = 70E7E8352F9220FA004607AF /* CardlyDemoTests.xctest */;
			productType = "com.apple.product-type.bundle.unit-test";
		};
		70E7E83E2F9220FA004607AF /* CardlyDemoUITests */ = {
			isa = PBXNativeTarget;
			buildConfigurationList = 70E7E8502F9220FA004607AF /* Build configuration list for PBXNativeTarget "CardlyDemoUITests" */;
			buildPhases = (
				70E7E83B2F9220FA004607AF /* Sources */,
				70E7E83C2F9220FA004607AF /* Frameworks */,
				70E7E83D2F9220FA004607AF /* Resources */,
			);
			buildRules = (
			);
			dependencies = (
				70E7E8412F9220FA004607AF /* PBXTargetDependency */,
			);
			fileSystemSynchronizedGroups = (
				70E7E8422F9220FA004607AF /* CardlyDemoUITests */,
			);
			name = CardlyDemoUITests;
			productName = CardlyDemoUITests;
			productReference = 70E7E83F2F9220FA004607AF /* CardlyDemoUITests.xctest */;
			productType = "com.apple.product-type.bundle.ui-testing";
		};
/* End PBXNativeTarget section */

/* Begin PBXProject section */
		70E7E8172F9220F7004607AF /* Project object */ = {
			isa = PBXProject;
			attributes = {
				BuildIndependentTargetsInParallel = 1;
				LastSwiftUpdateCheck = 2630;
				LastUpgradeCheck = 2630;
				TargetAttributes = {
					70E7E81E2F9220F8004607AF = {
						CreatedOnToolsVersion = 26.3;
					};
					70E7E8342F9220FA004607AF = {
						CreatedOnToolsVersion = 26.3;
						TestTargetID = 70E7E81E2F9220F8004607AF;
					};
					70E7E83E2F9220FA004607AF = {
						CreatedOnToolsVersion = 26.3;
						TestTargetID = 70E7E81E2F9220F8004607AF;
					};
				};
			};
			buildConfigurationList = 70E7E81A2F9220F7004607AF /* Build configuration list for PBXProject "Cardly-Example" */;
			developmentRegion = en;
			hasScannedForEncodings = 0;
			knownRegions = (
				en,
				Base,
			);
			mainGroup = 70E7E8162F9220F7004607AF;
			minimizedProjectReferenceProxies = 1;
			preferredProjectObjectVersion = 77;
			productRefGroup = 70E7E8202F9220F8004607AF /* Products */;
			projectDirPath = "";
			projectRoot = "";
			targets = (
				70E7E81E2F9220F8004607AF /* CardlyDemo */,
				70E7E8342F9220FA004607AF /* CardlyDemoTests */,
				70E7E83E2F9220FA004607AF /* CardlyDemoUITests */,
			);
		};
/* End PBXProject section */

/* Begin PBXResourcesBuildPhase section */
		70E7E81D2F9220F8004607AF /* Resources */ = {
			isa = PBXResourcesBuildPhase;
			buildActionMask = 2147483647;
			files = (
			);
			runOnlyForDeploymentPostprocessing = 0;
		};
		70E7E8332F9220FA004607AF /* Resources */ = {
			isa = PBXResourcesBuildPhase;
			buildActionMask = 2147483647;
			files = (
			);
			runOnlyForDeploymentPostprocessing = 0;
		};
		70E7E83D2F9220FA004607AF /* Resources */ = {
			isa = PBXResourcesBuildPhase;
			buildActionMask = 2147483647;
			files = (
			);
			runOnlyForDeploymentPostprocessing = 0;
		};
/* End PBXResourcesBuildPhase section */

/* Begin PBXShellScriptBuildPhase section */
		355D3F2DA42A85FF5D69ADD4 /* [CP] Embed Pods Frameworks */ = {
			isa = PBXShellScriptBuildPhase;
			buildActionMask = 2147483647;
			files = (
			);
			inputFileListPaths = (
				"${PODS_ROOT}/Target Support Files/Pods-CardlyDemo/Pods-CardlyDemo-frameworks-${CONFIGURATION}-input-files.xcfilelist",
			);
			inputPaths = (
			);
			name = "[CP] Embed Pods Frameworks";
			outputFileListPaths = (
				"${PODS_ROOT}/Target Support Files/Pods-CardlyDemo/Pods-CardlyDemo-frameworks-${CONFIGURATION}-output-files.xcfilelist",
			);
			outputPaths = (
			);
			runOnlyForDeploymentPostprocessing = 0;
			shellPath = /bin/sh;
			shellScript = "\"${PODS_ROOT}/Target Support Files/Pods-CardlyDemo/Pods-CardlyDemo-frameworks.sh\"\n";
			showEnvVarsInLog = 0;
		};
		EB4179C009F22F44B5AE2CB9 /* [CP] Check Pods Manifest.lock */ = {
			isa = PBXShellScriptBuildPhase;
			buildActionMask = 2147483647;
			files = (
			);
			inputFileListPaths = (
			);
			inputPaths = (
				"${PODS_PODFILE_DIR_PATH}/Podfile.lock",
				"${PODS_ROOT}/Manifest.lock",
			);
			name = "[CP] Check Pods Manifest.lock";
			outputFileListPaths = (
			);
			outputPaths = (
				"$(DERIVED_FILE_DIR)/Pods-CardlyDemo-checkManifestLockResult.txt",
			);
			runOnlyForDeploymentPostprocessing = 0;
			shellPath = /bin/sh;
			shellScript = "diff \"${PODS_PODFILE_DIR_PATH}/Podfile.lock\" \"${PODS_ROOT}/Manifest.lock\" > /dev/null\nif [ $? != 0 ] ; then\n    # print error to STDERR\n    echo \"error: The sandbox is not in sync with the Podfile.lock. Run 'pod install' or update your CocoaPods installation.\" >&2\n    exit 1\nfi\n# This output is used by Xcode 'outputs' to avoid re-running this script phase.\necho \"SUCCESS\" > \"${SCRIPT_OUTPUT_FILE_0}\"\n";
			showEnvVarsInLog = 0;
		};
/* End PBXShellScriptBuildPhase section */

/* Begin PBXSourcesBuildPhase section */
		70E7E81B2F9220F8004607AF /* Sources */ = {
			isa = PBXSourcesBuildPhase;
			buildActionMask = 2147483647;
			files = (
			);
			runOnlyForDeploymentPostprocessing = 0;
		};
		70E7E8312F9220FA004607AF /* Sources */ = {
			isa = PBXSourcesBuildPhase;
			buildActionMask = 2147483647;
			files = (
			);
			runOnlyForDeploymentPostprocessing = 0;
		};
		70E7E83B2F9220FA004607AF /* Sources */ = {
			isa = PBXSourcesBuildPhase;
			buildActionMask = 2147483647;
			files = (
			);
			runOnlyForDeploymentPostprocessing = 0;
		};
/* End PBXSourcesBuildPhase section */

/* Begin PBXTargetDependency section */
		70E7E8372F9220FA004607AF /* PBXTargetDependency */ = {
			isa = PBXTargetDependency;
			target = 70E7E81E2F9220F8004607AF /* CardlyDemo */;
			targetProxy = 70E7E8362F9220FA004607AF /* PBXContainerItemProxy */;
		};
		70E7E8412F9220FA004607AF /* PBXTargetDependency */ = {
			isa = PBXTargetDependency;
			target = 70E7E81E2F9220F8004607AF /* CardlyDemo */;
			targetProxy = 70E7E8402F9220FA004607AF /* PBXContainerItemProxy */;
		};
/* End PBXTargetDependency section */

/* Begin XCBuildConfiguration section */
		70E7E8492F9220FA004607AF /* Debug */ = {
			isa = XCBuildConfiguration;
			baseConfigurationReference = E43152A1933828AB3C3C2777 /* Pods-CardlyDemo.debug.xcconfig */;
			buildSettings = {
				ASSETCATALOG_COMPILER_APPICON_NAME = AppIcon;
				ASSETCATALOG_COMPILER_GLOBAL_ACCENT_COLOR_NAME = AccentColor;
				CODE_SIGN_STYLE = Automatic;
				CURRENT_PROJECT_VERSION = 1;
				DEVELOPMENT_TEAM = 39CFYH6W55;
				ENABLE_USER_SCRIPT_SANDBOXING = NO;
				GENERATE_INFOPLIST_FILE = YES;
				INFOPLIST_FILE = CardlyDemo/Info.plist;
				INFOPLIST_KEY_UIApplicationSupportsIndirectInputEvents = YES;
				INFOPLIST_KEY_UILaunchStoryboardName = LaunchScreen;
				INFOPLIST_KEY_UIMainStoryboardFile = Main;
				INFOPLIST_KEY_UISupportedInterfaceOrientations_iPad = "UIInterfaceOrientationPortrait UIInterfaceOrientationPortraitUpsideDown UIInterfaceOrientationLandscapeLeft UIInterfaceOrientationLandscapeRight";
				INFOPLIST_KEY_UISupportedInterfaceOrientations_iPhone = "UIInterfaceOrientationPortrait UIInterfaceOrientationLandscapeLeft UIInterfaceOrientationLandscapeRight";
				IPHONEOS_DEPLOYMENT_TARGET = 15.6;
				LD_RUNPATH_SEARCH_PATHS = (
					"$(inherited)",
					"@executable_path/Frameworks",
				);
				MARKETING_VERSION = 1.0;
				PRODUCT_BUNDLE_IDENTIFIER = com.CardlyDemo;
				PRODUCT_NAME = "$(TARGET_NAME)";
				STRING_CATALOG_GENERATE_SYMBOLS = YES;
				SWIFT_APPROACHABLE_CONCURRENCY = YES;
				SWIFT_DEFAULT_ACTOR_ISOLATION = MainActor;
				SWIFT_EMIT_LOC_STRINGS = YES;
				SWIFT_UPCOMING_FEATURE_MEMBER_IMPORT_VISIBILITY = YES;
				SWIFT_VERSION = 5.0;
				TARGETED_DEVICE_FAMILY = "1,2";
			};
			name = Debug;
		};
		70E7E84A2F9220FA004607AF /* Release */ = {
			isa = XCBuildConfiguration;
			baseConfigurationReference = 1A7045ACD7AFC1D0F91CA226 /* Pods-CardlyDemo.release.xcconfig */;
			buildSettings = {
				ASSETCATALOG_COMPILER_APPICON_NAME = AppIcon;
				ASSETCATALOG_COMPILER_GLOBAL_ACCENT_COLOR_NAME = AccentColor;
				CODE_SIGN_STYLE = Automatic;
				CURRENT_PROJECT_VERSION = 1;
				DEVELOPMENT_TEAM = 39CFYH6W55;
				ENABLE_USER_SCRIPT_SANDBOXING = NO;
				GENERATE_INFOPLIST_FILE = YES;
				INFOPLIST_FILE = CardlyDemo/Info.plist;
				INFOPLIST_KEY_UIApplicationSupportsIndirectInputEvents = YES;
				INFOPLIST_KEY_UILaunchStoryboardName = LaunchScreen;
				INFOPLIST_KEY_UIMainStoryboardFile = Main;
				INFOPLIST_KEY_UISupportedInterfaceOrientations_iPad = "UIInterfaceOrientationPortrait UIInterfaceOrientationPortraitUpsideDown UIInterfaceOrientationLandscapeLeft UIInterfaceOrientationLandscapeRight";
				INFOPLIST_KEY_UISupportedInterfaceOrientations_iPhone = "UIInterfaceOrientationPortrait UIInterfaceOrientationLandscapeLeft UIInterfaceOrientationLandscapeRight";
				IPHONEOS_DEPLOYMENT_TARGET = 15.6;
				LD_RUNPATH_SEARCH_PATHS = (
					"$(inherited)",
					"@executable_path/Frameworks",
				);
				MARKETING_VERSION = 1.0;
				PRODUCT_BUNDLE_IDENTIFIER = com.CardlyDemo;
				PRODUCT_NAME = "$(TARGET_NAME)";
				STRING_CATALOG_GENERATE_SYMBOLS = YES;
				SWIFT_APPROACHABLE_CONCURRENCY = YES;
				SWIFT_DEFAULT_ACTOR_ISOLATION = MainActor;
				SWIFT_EMIT_LOC_STRINGS = YES;
				SWIFT_UPCOMING_FEATURE_MEMBER_IMPORT_VISIBILITY = YES;
				SWIFT_VERSION = 5.0;
				TARGETED_DEVICE_FAMILY = "1,2";
			};
			name = Release;
		};
		70E7E84B2F9220FA004607AF /* Debug */ = {
			isa = XCBuildConfiguration;
			buildSettings = {
				ALWAYS_SEARCH_USER_PATHS = NO;
				ASSETCATALOG_COMPILER_GENERATE_SWIFT_ASSET_SYMBOL_EXTENSIONS = YES;
				CLANG_ANALYZER_NONNULL = YES;
				CLANG_ANALYZER_NUMBER_OBJECT_CONVERSION = YES_AGGRESSIVE;
				CLANG_CXX_LANGUAGE_STANDARD = "gnu++20";
				CLANG_ENABLE_MODULES = YES;
				CLANG_ENABLE_OBJC_ARC = YES;
				CLANG_ENABLE_OBJC_WEAK = YES;
				CLANG_WARN_BLOCK_CAPTURE_AUTORELEASING = YES;
				CLANG_WARN_BOOL_CONVERSION = YES;
				CLANG_WARN_COMMA = YES;
				CLANG_WARN_CONSTANT_CONVERSION = YES;
				CLANG_WARN_DEPRECATED_OBJC_IMPLEMENTATIONS = YES;
				CLANG_WARN_DIRECT_OBJC_ISA_USAGE = YES_ERROR;
				CLANG_WARN_DOCUMENTATION_COMMENTS = YES;
				CLANG_WARN_EMPTY_BODY = YES;
				CLANG_WARN_ENUM_CONVERSION = YES;
				CLANG_WARN_INFINITE_RECURSION = YES;
				CLANG_WARN_INT_CONVERSION = YES;
				CLANG_WARN_NON_LITERAL_NULL_CONVERSION = YES;
				CLANG_WARN_OBJC_IMPLICIT_RETAIN_SELF = YES;
				CLANG_WARN_OBJC_LITERAL_CONVERSION = YES;
				CLANG_WARN_OBJC_ROOT_CLASS = YES_ERROR;
				CLANG_WARN_QUOTED_INCLUDE_IN_FRAMEWORK_HEADER = YES;
				CLANG_WARN_RANGE_LOOP_ANALYSIS = YES;
				CLANG_WARN_STRICT_PROTOTYPES = YES;
				CLANG_WARN_SUSPICIOUS_MOVE = YES;
				CLANG_WARN_UNGUARDED_AVAILABILITY = YES_AGGRESSIVE;
				CLANG_WARN_UNREACHABLE_CODE = YES;
				CLANG_WARN__DUPLICATE_METHOD_MATCH = YES;
				COPY_PHASE_STRIP = NO;
				DEBUG_INFORMATION_FORMAT = dwarf;
				DEVELOPMENT_TEAM = 39CFYH6W55;
				ENABLE_STRICT_OBJC_MSGSEND = YES;
				ENABLE_TESTABILITY = YES;
				ENABLE_USER_SCRIPT_SANDBOXING = YES;
				GCC_C_LANGUAGE_STANDARD = gnu17;
				GCC_DYNAMIC_NO_PIC = NO;
				GCC_NO_COMMON_BLOCKS = YES;
				GCC_OPTIMIZATION_LEVEL = 0;
				GCC_PREPROCESSOR_DEFINITIONS = (
					"DEBUG=1",
					"$(inherited)",
				);
				GCC_WARN_64_TO_32_BIT_CONVERSION = YES;
				GCC_WARN_ABOUT_RETURN_TYPE = YES_ERROR;
				GCC_WARN_UNDECLARED_SELECTOR = YES;
				GCC_WARN_UNINITIALIZED_AUTOS = YES_AGGRESSIVE;
				GCC_WARN_UNUSED_FUNCTION = YES;
				GCC_WARN_UNUSED_VARIABLE = YES;
				IPHONEOS_DEPLOYMENT_TARGET = 26.2;
				LOCALIZATION_PREFERS_STRING_CATALOGS = YES;
				MTL_ENABLE_DEBUG_INFO = INCLUDE_SOURCE;
				MTL_FAST_MATH = YES;
				ONLY_ACTIVE_ARCH = YES;
				SDKROOT = iphoneos;
				SWIFT_ACTIVE_COMPILATION_CONDITIONS = "DEBUG $(inherited)";
				SWIFT_OPTIMIZATION_LEVEL = "-Onone";
			};
			name = Debug;
		};
		70E7E84C2F9220FA004607AF /* Release */ = {
			isa = XCBuildConfiguration;
			buildSettings = {
				ALWAYS_SEARCH_USER_PATHS = NO;
				ASSETCATALOG_COMPILER_GENERATE_SWIFT_ASSET_SYMBOL_EXTENSIONS = YES;
				CLANG_ANALYZER_NONNULL = YES;
				CLANG_ANALYZER_NUMBER_OBJECT_CONVERSION = YES_AGGRESSIVE;
				CLANG_CXX_LANGUAGE_STANDARD = "gnu++20";
				CLANG_ENABLE_MODULES = YES;
				CLANG_ENABLE_OBJC_ARC = YES;
				CLANG_ENABLE_OBJC_WEAK = YES;
				CLANG_WARN_BLOCK_CAPTURE_AUTORELEASING = YES;
				CLANG_WARN_BOOL_CONVERSION = YES;
				CLANG_WARN_COMMA = YES;
				CLANG_WARN_CONSTANT_CONVERSION = YES;
				CLANG_WARN_DEPRECATED_OBJC_IMPLEMENTATIONS = YES;
				CLANG_WARN_DIRECT_OBJC_ISA_USAGE = YES_ERROR;
				CLANG_WARN_DOCUMENTATION_COMMENTS = YES;
				CLANG_WARN_EMPTY_BODY = YES;
				CLANG_WARN_ENUM_CONVERSION = YES;
				CLANG_WARN_INFINITE_RECURSION = YES;
				CLANG_WARN_INT_CONVERSION = YES;
				CLANG_WARN_NON_LITERAL_NULL_CONVERSION = YES;
				CLANG_WARN_OBJC_IMPLICIT_RETAIN_SELF = YES;
				CLANG_WARN_OBJC_LITERAL_CONVERSION = YES;
				CLANG_WARN_OBJC_ROOT_CLASS = YES_ERROR;
				CLANG_WARN_QUOTED_INCLUDE_IN_FRAMEWORK_HEADER = YES;
				CLANG_WARN_RANGE_LOOP_ANALYSIS = YES;
				CLANG_WARN_STRICT_PROTOTYPES = YES;
				CLANG_WARN_SUSPICIOUS_MOVE = YES;
				CLANG_WARN_UNGUARDED_AVAILABILITY = YES_AGGRESSIVE;
				CLANG_WARN_UNREACHABLE_CODE = YES;
				CLANG_WARN__DUPLICATE_METHOD_MATCH = YES;
				COPY_PHASE_STRIP = NO;
				DEBUG_INFORMATION_FORMAT = "dwarf-with-dsym";
				DEVELOPMENT_TEAM = 39CFYH6W55;
				ENABLE_NS_ASSERTIONS = NO;
				ENABLE_STRICT_OBJC_MSGSEND = YES;
				ENABLE_USER_SCRIPT_SANDBOXING = YES;
				GCC_C_LANGUAGE_STANDARD = gnu17;
				GCC_NO_COMMON_BLOCKS = YES;
				GCC_WARN_64_TO_32_BIT_CONVERSION = YES;
				GCC_WARN_ABOUT_RETURN_TYPE = YES_ERROR;
				GCC_WARN_UNDECLARED_SELECTOR = YES;
				GCC_WARN_UNINITIALIZED_AUTOS = YES_AGGRESSIVE;
				GCC_WARN_UNUSED_FUNCTION = YES;
				GCC_WARN_UNUSED_VARIABLE = YES;
				IPHONEOS_DEPLOYMENT_TARGET = 26.2;
				LOCALIZATION_PREFERS_STRING_CATALOGS = YES;
				MTL_ENABLE_DEBUG_INFO = NO;
				MTL_FAST_MATH = YES;
				SDKROOT = iphoneos;
				SWIFT_COMPILATION_MODE = wholemodule;
				VALIDATE_PRODUCT = YES;
			};
			name = Release;
		};
		70E7E84E2F9220FA004607AF /* Debug */ = {
			isa = XCBuildConfiguration;
			buildSettings = {
				BUNDLE_LOADER = "$(TEST_HOST)";
				CODE_SIGN_STYLE = Automatic;
				CURRENT_PROJECT_VERSION = 1;
				DEVELOPMENT_TEAM = 39CFYH6W55;
				GENERATE_INFOPLIST_FILE = YES;
				IPHONEOS_DEPLOYMENT_TARGET = 26.2;
				MARKETING_VERSION = 1.0;
				PRODUCT_BUNDLE_IDENTIFIER = com.CardlyDemoTests;
				PRODUCT_NAME = "$(TARGET_NAME)";
				STRING_CATALOG_GENERATE_SYMBOLS = NO;
				SWIFT_APPROACHABLE_CONCURRENCY = YES;
				SWIFT_EMIT_LOC_STRINGS = NO;
				SWIFT_UPCOMING_FEATURE_MEMBER_IMPORT_VISIBILITY = YES;
				SWIFT_VERSION = 5.0;
				TARGETED_DEVICE_FAMILY = "1,2";
				TEST_HOST = "$(BUILT_PRODUCTS_DIR)/CardlyDemo.app/$(BUNDLE_EXECUTABLE_FOLDER_PATH)/CardlyDemo";
			};
			name = Debug;
		};
		70E7E84F2F9220FA004607AF /* Release */ = {
			isa = XCBuildConfiguration;
			buildSettings = {
				BUNDLE_LOADER = "$(TEST_HOST)";
				CODE_SIGN_STYLE = Automatic;
				CURRENT_PROJECT_VERSION = 1;
				DEVELOPMENT_TEAM = 39CFYH6W55;
				GENERATE_INFOPLIST_FILE = YES;
				IPHONEOS_DEPLOYMENT_TARGET = 26.2;
				MARKETING_VERSION = 1.0;
				PRODUCT_BUNDLE_IDENTIFIER = com.CardlyDemoTests;
				PRODUCT_NAME = "$(TARGET_NAME)";
				STRING_CATALOG_GENERATE_SYMBOLS = NO;
				SWIFT_APPROACHABLE_CONCURRENCY = YES;
				SWIFT_EMIT_LOC_STRINGS = NO;
				SWIFT_UPCOMING_FEATURE_MEMBER_IMPORT_VISIBILITY = YES;
				SWIFT_VERSION = 5.0;
				TARGETED_DEVICE_FAMILY = "1,2";
				TEST_HOST = "$(BUILT_PRODUCTS_DIR)/CardlyDemo.app/$(BUNDLE_EXECUTABLE_FOLDER_PATH)/CardlyDemo";
			};
			name = Release;
		};
		70E7E8512F9220FA004607AF /* Debug */ = {
			isa = XCBuildConfiguration;
			buildSettings = {
				CODE_SIGN_STYLE = Automatic;
				CURRENT_PROJECT_VERSION = 1;
				DEVELOPMENT_TEAM = 39CFYH6W55;
				GENERATE_INFOPLIST_FILE = YES;
				MARKETING_VERSION = 1.0;
				PRODUCT_BUNDLE_IDENTIFIER = com.CardlyDemoUITests;
				PRODUCT_NAME = "$(TARGET_NAME)";
				STRING_CATALOG_GENERATE_SYMBOLS = NO;
				SWIFT_APPROACHABLE_CONCURRENCY = YES;
				SWIFT_EMIT_LOC_STRINGS = NO;
				SWIFT_UPCOMING_FEATURE_MEMBER_IMPORT_VISIBILITY = YES;
				SWIFT_VERSION = 5.0;
				TARGETED_DEVICE_FAMILY = "1,2";
				TEST_TARGET_NAME = CardlyDemo;
			};
			name = Debug;
		};
		70E7E8522F9220FA004607AF /* Release */ = {
			isa = XCBuildConfiguration;
			buildSettings = {
				CODE_SIGN_STYLE = Automatic;
				CURRENT_PROJECT_VERSION = 1;
				DEVELOPMENT_TEAM = 39CFYH6W55;
				GENERATE_INFOPLIST_FILE = YES;
				MARKETING_VERSION = 1.0;
				PRODUCT_BUNDLE_IDENTIFIER = com.CardlyDemoUITests;
				PRODUCT_NAME = "$(TARGET_NAME)";
				STRING_CATALOG_GENERATE_SYMBOLS = NO;
				SWIFT_APPROACHABLE_CONCURRENCY = YES;
				SWIFT_EMIT_LOC_STRINGS = NO;
				SWIFT_UPCOMING_FEATURE_MEMBER_IMPORT_VISIBILITY = YES;
				SWIFT_VERSION = 5.0;
				TARGETED_DEVICE_FAMILY = "1,2";
				TEST_TARGET_NAME = CardlyDemo;
			};
			name = Release;
		};
/* End XCBuildConfiguration section */

/* Begin XCConfigurationList section */
		70E7E81A2F9220F7004607AF /* Build configuration list for PBXProject "Cardly-Example" */ = {
			isa = XCConfigurationList;
			buildConfigurations = (
				70E7E84B2F9220FA004607AF /* Debug */,
				70E7E84C2F9220FA004607AF /* Release */,
			);
			defaultConfigurationIsVisible = 0;
			defaultConfigurationName = Release;
		};
		70E7E8482F9220FA004607AF /* Build configuration list for PBXNativeTarget "CardlyDemo" */ = {
			isa = XCConfigurationList;
			buildConfigurations = (
				70E7E8492F9220FA004607AF /* Debug */,
				70E7E84A2F9220FA004607AF /* Release */,
			);
			defaultConfigurationIsVisible = 0;
			defaultConfigurationName = Release;
		};
		70E7E84D2F9220FA004607AF /* Build configuration list for PBXNativeTarget "CardlyDemoTests" */ = {
			isa = XCConfigurationList;
			buildConfigurations = (
				70E7E84E2F9220FA004607AF /* Debug */,
				70E7E84F2F9220FA004607AF /* Release */,
			);
			defaultConfigurationIsVisible = 0;
			defaultConfigurationName = Release;
		};
		70E7E8502F9220FA004607AF /* Build configuration list for PBXNativeTarget "CardlyDemoUITests" */ = {
			isa = XCConfigurationList;
			buildConfigurations = (
				70E7E8512F9220FA004607AF /* Debug */,
				70E7E8522F9220FA004607AF /* Release */,
			);
			defaultConfigurationIsVisible = 0;
			defaultConfigurationName = Release;
		};
/* End XCConfigurationList section */
	};
	rootObject = 70E7E8172F9220F7004607AF /* Project object */;
}
